
Microsoft Visual Studio Solution File, Format Version 12.00
# Visual Studio 15
VisualStudioVersion = 15.0.28307.852
MinimumVisualStudioVersion = 10.0.40219.1
Project("{FAE04EC0-301F-11D3-BF4B-00C04F79EFBC}") = "My_Website", "My_Website\My_Website.csproj", "{210C2ABE-FE35-4C3D-9F00-7AC1CE2F1F5D}"
EndProject
Global
	GlobalSection(SolutionConfigurationPlatforms) = preSolution
		Debug|Any CPU = Debug|Any CPU
		Release|Any CPU = Release|Any CPU
	EndGlobalSection
	GlobalSection(ProjectConfigurationPlatforms) = postSolution
		{210C2ABE-FE35-4C3D-9F00-7AC1CE2F1F5D}.Debug|Any CPU.ActiveCfg = Debug|Any CPU
		{210C2ABE-FE35-4C3D-9F00-7AC1CE2F1F5D}.Debug|Any CPU.Build.0 = Debug|Any CPU
		{210C2ABE-FE35-4C3D-9F00-7AC1CE2F1F5D}.Release|Any CPU.ActiveCfg = Release|Any CPU
		{210C2ABE-FE35-4C3D-9F00-7AC1CE2F1F5D}.Release|Any CPU.Build.0 = Release|Any CPU
	EndGlobalSection
	GlobalSection(SolutionProperties) = preSolution
		HideSolutionNode = FALSE
	EndGlobalSection
	GlobalSection(ExtensibilityGlobals) = postSolution
		SolutionGuid = {1BBB85B3-06C1-40C2-84A5-7FB6EEAC919F}
	EndGlobalSection
EndGlobal
